// !$*UTF8*$!
{
	archiveVersion = 1;
	classes = {
	};
	objectVersion = 56;
	objects = {

/* Begin PBXBuildFile section */
		CCC43629C34697E1F36A52E9 /* Pods_GalleryApp.framework in Frameworks */ = {isa = PBXBuildFile; fileRef = 446768BA50ADBC7DD7FFB46F /* Pods_GalleryApp.framework */; };
		F103A4952B77E94B0042B925 /* FavoritePhotoCoreDataManager.swift in Sources */ = {isa = PBXBuildFile; fileRef = F103A4942B77E94B0042B925 /* FavoritePhotoCoreDataManager.swift */; };
		F103A4972B78D76F0042B925 /* CoreDataManager.swift in Sources */ = {isa = PBXBuildFile; fileRef = F103A4962B78D76F0042B925 /* CoreDataManager.swift */; };
		F103A4992B79013D0042B925 /* CoreDataError.swift in Sources */ = {isa = PBXBuildFile; fileRef = F103A4982B79013D0042B925 /* CoreDataError.swift */; };
		F12BAB132B77D0BB004F4C45 /* GalleryApp.xcdatamodeld in Sources */ = {isa = PBXBuildFile; fileRef = F12BAB112B77D0BB004F4C45 /* GalleryApp.xcdatamodeld */; };
		F12F44262B7E0E59009E6545 /* UIViewExtension.swift in Sources */ = {isa = PBXBuildFile; fileRef = F12F44252B7E0E59009E6545 /* UIViewExtension.swift */; };
		F13075282B7B8DEA005C2619 /* UnsplashPhotoEntity+CoreDataClass.swift in Sources */ = {isa = PBXBuildFile; fileRef = F13075272B7B8DEA005C2619 /* UnsplashPhotoEntity+CoreDataClass.swift */; };
		F13075292B7B8DEA005C2619 /* UnsplashPhotoEntity+CoreDataProperties.swift in Sources */ = {isa = PBXBuildFile; fileRef = F13075262B7B8DE9005C2619 /* UnsplashPhotoEntity+CoreDataProperties.swift */; };
		F177A2282B66DF7100FA5BC4 /* AppDelegate.swift in Sources */ = {isa = PBXBuildFile; fileRef = F177A2272B66DF7100FA5BC4 /* AppDelegate.swift */; };
		F177A22C2B66DF7100FA5BC4 /* ImageGalleryViewController.swift in Sources */ = {isa = PBXBuildFile; fileRef = F177A22B2B66DF7100FA5BC4 /* ImageGalleryViewController.swift */; };
		F177A2312B66DF7900FA5BC4 /* Assets.xcassets in Resources */ = {isa = PBXBuildFile; fileRef = F177A2302B66DF7900FA5BC4 /* Assets.xcassets */; };
		F177A2342B66DF7900FA5BC4 /* LaunchScreen.storyboard in Resources */ = {isa = PBXBuildFile; fileRef = F177A2322B66DF7900FA5BC4 /* LaunchScreen.storyboard */; };
		F177A23E2B69201E00FA5BC4 /* Colors.swift in Sources */ = {isa = PBXBuildFile; fileRef = F177A23D2B69201E00FA5BC4 /* Colors.swift */; };
		F177A2422B6937FC00FA5BC4 /* CustomGradientStyle.swift in Sources */ = {isa = PBXBuildFile; fileRef = F177A2412B6937FC00FA5BC4 /* CustomGradientStyle.swift */; };
		F177A2452B69388300FA5BC4 /* CAGradientLayerExtension.swift in Sources */ = {isa = PBXBuildFile; fileRef = F177A2442B69388300FA5BC4 /* CAGradientLayerExtension.swift */; };
		F177A2472B698ED800FA5BC4 /* ImageGalleryCell.swift in Sources */ = {isa = PBXBuildFile; fileRef = F177A2462B698ED800FA5BC4 /* ImageGalleryCell.swift */; };
		F177A24A2B6A6A1900FA5BC4 /* UnsplashPhoto.swift in Sources */ = {isa = PBXBuildFile; fileRef = F177A2492B6A6A1900FA5BC4 /* UnsplashPhoto.swift */; };
		F177A24C2B6A6C9400FA5BC4 /* URLS.swift in Sources */ = {isa = PBXBuildFile; fileRef = F177A24B2B6A6C9400FA5BC4 /* URLS.swift */; };
		F177A24F2B6A6D4200FA5BC4 /* UnsplashNetworkManager.swift in Sources */ = {isa = PBXBuildFile; fileRef = F177A24E2B6A6D4200FA5BC4 /* UnsplashNetworkManager.swift */; };
		F177A2752B70260300FA5BC4 /* NetworkManager.swift in Sources */ = {isa = PBXBuildFile; fileRef = F177A2742B70260300FA5BC4 /* NetworkManager.swift */; };
		F177A27D2B70E27F00FA5BC4 /* ImageGalleryViewModel.swift in Sources */ = {isa = PBXBuildFile; fileRef = F177A27C2B70E27F00FA5BC4 /* ImageGalleryViewModel.swift */; };
		F177A2842B72342400FA5BC4 /* ImageDetailViewController.swift in Sources */ = {isa = PBXBuildFile; fileRef = F177A2832B72342400FA5BC4 /* ImageDetailViewController.swift */; };
		F177A2862B7234B900FA5BC4 /* ImageDetailCell.swift in Sources */ = {isa = PBXBuildFile; fileRef = F177A2852B7234B900FA5BC4 /* ImageDetailCell.swift */; };
		F177A2882B723A4900FA5BC4 /* ImageDetailViewModel.swift in Sources */ = {isa = PBXBuildFile; fileRef = F177A2872B723A4900FA5BC4 /* ImageDetailViewModel.swift */; };
/* End PBXBuildFile section */

/* Begin PBXFileReference section */
		446768BA50ADBC7DD7FFB46F /* Pods_GalleryApp.framework */ = {isa = PBXFileReference; explicitFileType = wrapper.framework; includeInIndex = 0; path = Pods_GalleryApp.framework; sourceTree = BUILT_PRODUCTS_DIR; };
		86F35B82D43B5276CB633EB3 /* Pods-GalleryApp.debug.xcconfig */ = {isa = PBXFileReference; includeInIndex = 1; lastKnownFileType = text.xcconfig; name = "Pods-GalleryApp.debug.xcconfig"; path = "Target Support Files/Pods-GalleryApp/Pods-GalleryApp.debug.xcconfig"; sourceTree = "<group>"; };
		BDDC307557344FA24503FF8C /* Pods-GalleryApp.release.xcconfig */ = {isa = PBXFileReference; includeInIndex = 1; lastKnownFileType = text.xcconfig; name = "Pods-GalleryApp.release.xcconfig"; path = "Target Support Files/Pods-GalleryApp/Pods-GalleryApp.release.xcconfig"; sourceTree = "<group>"; };
		F103A4942B77E94B0042B925 /* FavoritePhotoCoreDataManager.swift */ = {isa = PBXFileReference; lastKnownFileType = sourcecode.swift; path = FavoritePhotoCoreDataManager.swift; sourceTree = "<group>"; };
		F103A4962B78D76F0042B925 /* CoreDataManager.swift */ = {isa = PBXFileReference; lastKnownFileType = sourcecode.swift; path = CoreDataManager.swift; sourceTree = "<group>"; };
		F103A4982B79013D0042B925 /* CoreDataError.swift */ = {isa = PBXFileReference; lastKnownFileType = sourcecode.swift; path = CoreDataError.swift; sourceTree = "<group>"; };
		F12BAB122B77D0BB004F4C45 /* Model.xcdatamodel */ = {isa = PBXFileReference; lastKnownFileType = wrapper.xcdatamodel; path = Model.xcdatamodel; sourceTree = "<group>"; };
		F12F44252B7E0E59009E6545 /* UIViewExtension.swift */ = {isa = PBXFileReference; lastKnownFileType = sourcecode.swift; path = UIViewExtension.swift; sourceTree = "<group>"; };
		F13075262B7B8DE9005C2619 /* UnsplashPhotoEntity+CoreDataProperties.swift */ = {isa = PBXFileReference; lastKnownFileType = sourcecode.swift; name = "UnsplashPhotoEntity+CoreDataProperties.swift"; path = "/Users/carol/Documents/GalleryApp/GalleryApp/GalleryApp/Models/UnsplashPhotoEntity+CoreDataProperties.swift"; sourceTree = "<absolute>"; };
		F13075272B7B8DEA005C2619 /* UnsplashPhotoEntity+CoreDataClass.swift */ = {isa = PBXFileReference; lastKnownFileType = sourcecode.swift; name = "UnsplashPhotoEntity+CoreDataClass.swift"; path = "/Users/carol/Documents/GalleryApp/GalleryApp/GalleryApp/Models/UnsplashPhotoEntity+CoreDataClass.swift"; sourceTree = "<absolute>"; };
		F177A2242B66DF7100FA5BC4 /* GalleryApp.app */ = {isa = PBXFileReference; explicitFileType = wrapper.application; includeInIndex = 0; path = GalleryApp.app; sourceTree = BUILT_PRODUCTS_DIR; };
		F177A2272B66DF7100FA5BC4 /* AppDelegate.swift */ = {isa = PBXFileReference; lastKnownFileType = sourcecode.swift; path = AppDelegate.swift; sourceTree = "<group>"; };
		F177A22B2B66DF7100FA5BC4 /* ImageGalleryViewController.swift */ = {isa = PBXFileReference; lastKnownFileType = sourcecode.swift; path = ImageGalleryViewController.swift; sourceTree = "<group>"; };
		F177A2302B66DF7900FA5BC4 /* Assets.xcassets */ = {isa = PBXFileReference; lastKnownFileType = folder.assetcatalog; path = Assets.xcassets; sourceTree = "<group>"; };
		F177A2332B66DF7900FA5BC4 /* Base */ = {isa = PBXFileReference; lastKnownFileType = file.storyboard; name = Base; path = Base.lproj/LaunchScreen.storyboard; sourceTree = "<group>"; };
		F177A2352B66DF7900FA5BC4 /* Info.plist */ = {isa = PBXFileReference; lastKnownFileType = text.plist.xml; path = Info.plist; sourceTree = "<group>"; };
		F177A23D2B69201E00FA5BC4 /* Colors.swift */ = {isa = PBXFileReference; lastKnownFileType = sourcecode.swift; path = Colors.swift; sourceTree = "<group>"; };
		F177A2412B6937FC00FA5BC4 /* CustomGradientStyle.swift */ = {isa = PBXFileReference; lastKnownFileType = sourcecode.swift; path = CustomGradientStyle.swift; sourceTree = "<group>"; };
		F177A2442B69388300FA5BC4 /* CAGradientLayerExtension.swift */ = {isa = PBXFileReference; lastKnownFileType = sourcecode.swift; path = CAGradientLayerExtension.swift; sourceTree = "<group>"; };
		F177A2462B698ED800FA5BC4 /* ImageGalleryCell.swift */ = {isa = PBXFileReference; lastKnownFileType = sourcecode.swift; path = ImageGalleryCell.swift; sourceTree = "<group>"; };
		F177A2492B6A6A1900FA5BC4 /* UnsplashPhoto.swift */ = {isa = PBXFileReference; lastKnownFileType = sourcecode.swift; path = UnsplashPhoto.swift; sourceTree = "<group>"; };
		F177A24B2B6A6C9400FA5BC4 /* URLS.swift */ = {isa = PBXFileReference; lastKnownFileType = sourcecode.swift; path = URLS.swift; sourceTree = "<group>"; };
		F177A24E2B6A6D4200FA5BC4 /* UnsplashNetworkManager.swift */ = {isa = PBXFileReference; lastKnownFileType = sourcecode.swift; path = UnsplashNetworkManager.swift; sourceTree = "<group>"; };
		F177A2742B70260300FA5BC4 /* NetworkManager.swift */ = {isa = PBXFileReference; lastKnownFileType = sourcecode.swift; path = NetworkManager.swift; sourceTree = "<group>"; };
		F177A27C2B70E27F00FA5BC4 /* ImageGalleryViewModel.swift */ = {isa = PBXFileReference; lastKnownFileType = sourcecode.swift; path = ImageGalleryViewModel.swift; sourceTree = "<group>"; };
		F177A2832B72342400FA5BC4 /* ImageDetailViewController.swift */ = {isa = PBXFileReference; lastKnownFileType = sourcecode.swift; path = ImageDetailViewController.swift; sourceTree = "<group>"; };
		F177A2852B7234B900FA5BC4 /* ImageDetailCell.swift */ = {isa = PBXFileReference; lastKnownFileType = sourcecode.swift; path = ImageDetailCell.swift; sourceTree = "<group>"; };
		F177A2872B723A4900FA5BC4 /* ImageDetailViewModel.swift */ = {isa = PBXFileReference; lastKnownFileType = sourcecode.swift; path = ImageDetailViewModel.swift; sourceTree = "<group>"; };
/* End PBXFileReference section */

/* Begin PBXFrameworksBuildPhase section */
		F177A2212B66DF7100FA5BC4 /* Frameworks */ = {
			isa = PBXFrameworksBuildPhase;
			buildActionMask = 2147483647;
			files = (
				CCC43629C34697E1F36A52E9 /* Pods_GalleryApp.framework in Frameworks */,
			);
			runOnlyForDeploymentPostprocessing = 0;
		};
/* End PBXFrameworksBuildPhase section */

/* Begin PBXGroup section */
		1EB8046112FB70DA433B9C73 /* Frameworks */ = {
			isa = PBXGroup;
			children = (
				446768BA50ADBC7DD7FFB46F /* Pods_GalleryApp.framework */,
			);
			name = Frameworks;
			sourceTree = "<group>";
		};
		5AC6A07D26004131632A87F2 /* Pods */ = {
			isa = PBXGroup;
			children = (
				86F35B82D43B5276CB633EB3 /* Pods-GalleryApp.debug.xcconfig */,
				BDDC307557344FA24503FF8C /* Pods-GalleryApp.release.xcconfig */,
			);
			path = Pods;
			sourceTree = "<group>";
		};
		F103A4932B77E8F70042B925 /* DataBase */ = {
			isa = PBXGroup;
			children = (
				F103A4942B77E94B0042B925 /* FavoritePhotoCoreDataManager.swift */,
			);
			path = DataBase;
			sourceTree = "<group>";
		};
		F177A21B2B66DF7100FA5BC4 = {
			isa = PBXGroup;
			children = (
				F177A2262B66DF7100FA5BC4 /* GalleryApp */,
				F12BAB112B77D0BB004F4C45 /* GalleryApp.xcdatamodeld */,
				F177A2252B66DF7100FA5BC4 /* Products */,
				5AC6A07D26004131632A87F2 /* Pods */,
				1EB8046112FB70DA433B9C73 /* Frameworks */,
			);
			sourceTree = "<group>";
		};
		F177A2252B66DF7100FA5BC4 /* Products */ = {
			isa = PBXGroup;
			children = (
				F177A2242B66DF7100FA5BC4 /* GalleryApp.app */,
			);
			name = Products;
			sourceTree = "<group>";
		};
		F177A2262B66DF7100FA5BC4 /* GalleryApp */ = {
			isa = PBXGroup;
			children = (
				F177A2482B6A6A0700FA5BC4 /* Models */,
				F177A23F2B69267600FA5BC4 /* Views */,
				F177A27B2B70E26500FA5BC4 /* ViewModels */,
				F177A23B2B691FF100FA5BC4 /* Core */,
				F177A2802B717E5800FA5BC4 /* Services */,
				F177A2272B66DF7100FA5BC4 /* AppDelegate.swift */,
				F177A2352B66DF7900FA5BC4 /* Info.plist */,
				F177A2402B69269300FA5BC4 /* resources */,
			);
			path = GalleryApp;
			sourceTree = "<group>";
		};
		F177A23B2B691FF100FA5BC4 /* Core */ = {
			isa = PBXGroup;
			children = (
				F177A2432B69386D00FA5BC4 /* Extensions */,
				F177A23C2B69200700FA5BC4 /* Enums */,
				F177A2762B70262600FA5BC4 /* Protocols */,
			);
			path = Core;
			sourceTree = "<group>";
		};
		F177A23C2B69200700FA5BC4 /* Enums */ = {
			isa = PBXGroup;
			children = (
				F177A23D2B69201E00FA5BC4 /* Colors.swift */,
				F177A2412B6937FC00FA5BC4 /* CustomGradientStyle.swift */,
				F103A4982B79013D0042B925 /* CoreDataError.swift */,
			);
			path = Enums;
			sourceTree = "<group>";
		};
		F177A23F2B69267600FA5BC4 /* Views */ = {
			isa = PBXGroup;
			children = (
				F177A2812B717E7B00FA5BC4 /* ImageGallery */,
				F177A2822B7233D000FA5BC4 /* ImageDetail */,
			);
			path = Views;
			sourceTree = "<group>";
		};
		F177A2402B69269300FA5BC4 /* resources */ = {
			isa = PBXGroup;
			children = (
				F177A2302B66DF7900FA5BC4 /* Assets.xcassets */,
				F177A2322B66DF7900FA5BC4 /* LaunchScreen.storyboard */,
			);
			path = resources;
			sourceTree = "<group>";
		};
		F177A2432B69386D00FA5BC4 /* Extensions */ = {
			isa = PBXGroup;
			children = (
				F177A2442B69388300FA5BC4 /* CAGradientLayerExtension.swift */,
				F12F44252B7E0E59009E6545 /* UIViewExtension.swift */,
			);
			path = Extensions;
			sourceTree = "<group>";
		};
		F177A2482B6A6A0700FA5BC4 /* Models */ = {
			isa = PBXGroup;
			children = (
				F177A2492B6A6A1900FA5BC4 /* UnsplashPhoto.swift */,
				F177A24B2B6A6C9400FA5BC4 /* URLS.swift */,
				F13075272B7B8DEA005C2619 /* UnsplashPhotoEntity+CoreDataClass.swift */,
				F13075262B7B8DE9005C2619 /* UnsplashPhotoEntity+CoreDataProperties.swift */,
			);
			path = Models;
			sourceTree = "<group>";
		};
		F177A24D2B6A6D2F00FA5BC4 /* Networking */ = {
			isa = PBXGroup;
			children = (
				F177A24E2B6A6D4200FA5BC4 /* UnsplashNetworkManager.swift */,
			);
			path = Networking;
			sourceTree = "<group>";
		};
		F177A2762B70262600FA5BC4 /* Protocols */ = {
			isa = PBXGroup;
			children = (
				F177A2742B70260300FA5BC4 /* NetworkManager.swift */,
				F103A4962B78D76F0042B925 /* CoreDataManager.swift */,
			);
			path = Protocols;
			sourceTree = "<group>";
		};
		F177A27B2B70E26500FA5BC4 /* ViewModels */ = {
			isa = PBXGroup;
			children = (
				F177A27C2B70E27F00FA5BC4 /* ImageGalleryViewModel.swift */,
				F177A2872B723A4900FA5BC4 /* ImageDetailViewModel.swift */,
			);
			path = ViewModels;
			sourceTree = "<group>";
		};
		F177A2802B717E5800FA5BC4 /* Services */ = {
			isa = PBXGroup;
			children = (
				F103A4932B77E8F70042B925 /* DataBase */,
				F177A24D2B6A6D2F00FA5BC4 /* Networking */,
			);
			path = Services;
			sourceTree = "<group>";
		};
		F177A2812B717E7B00FA5BC4 /* ImageGallery */ = {
			isa = PBXGroup;
			children = (
				F177A22B2B66DF7100FA5BC4 /* ImageGalleryViewController.swift */,
				F177A2462B698ED800FA5BC4 /* ImageGalleryCell.swift */,
			);
			path = ImageGallery;
			sourceTree = "<group>";
		};
		F177A2822B7233D000FA5BC4 /* ImageDetail */ = {
			isa = PBXGroup;
			children = (
				F177A2832B72342400FA5BC4 /* ImageDetailViewController.swift */,
				F177A2852B7234B900FA5BC4 /* ImageDetailCell.swift */,
			);
			path = ImageDetail;
			sourceTree = "<group>";
		};
/* End PBXGroup section */

/* Begin PBXNativeTarget section */
		F177A2232B66DF7100FA5BC4 /* GalleryApp */ = {
			isa = PBXNativeTarget;
			buildConfigurationList = F177A2382B66DF7900FA5BC4 /* Build configuration list for PBXNativeTarget "GalleryApp" */;
			buildPhases = (
				4776E022A4DB289D3EC8D616 /* [CP] Check Pods Manifest.lock */,
				F177A2202B66DF7100FA5BC4 /* Sources */,
				F177A2212B66DF7100FA5BC4 /* Frameworks */,
				F177A2222B66DF7100FA5BC4 /* Resources */,
				C14DCC3334D2C9582059D9C5 /* [CP] Embed Pods Frameworks */,
				F177A2722B6F83D900FA5BC4 /* SwiftLint */,
			);
			buildRules = (
			);
			dependencies = (
			);
			name = GalleryApp;
			productName = GalleryApp;
			productReference = F177A2242B66DF7100FA5BC4 /* GalleryApp.app */;
			productType = "com.apple.product-type.application";
		};
/* End PBXNativeTarget section */

/* Begin PBXProject section */
		F177A21C2B66DF7100FA5BC4 /* Project object */ = {
			isa = PBXProject;
			attributes = {
				BuildIndependentTargetsInParallel = 1;
				LastSwiftUpdateCheck = 1430;
				LastUpgradeCheck = 1430;
				TargetAttributes = {
					F177A2232B66DF7100FA5BC4 = {
						CreatedOnToolsVersion = 14.3;
					};
				};
			};
			buildConfigurationList = F177A21F2B66DF7100FA5BC4 /* Build configuration list for PBXProject "GalleryApp" */;
			compatibilityVersion = "Xcode 14.0";
			developmentRegion = en;
			hasScannedForEncodings = 0;
			knownRegions = (
				en,
				Base,
			);
			mainGroup = F177A21B2B66DF7100FA5BC4;
			productRefGroup = F177A2252B66DF7100FA5BC4 /* Products */;
			projectDirPath = "";
			projectRoot = "";
			targets = (
				F177A2232B66DF7100FA5BC4 /* GalleryApp */,
			);
		};
/* End PBXProject section */

/* Begin PBXResourcesBuildPhase section */
		F177A2222B66DF7100FA5BC4 /* Resources */ = {
			isa = PBXResourcesBuildPhase;
			buildActionMask = 2147483647;
			files = (
				F177A2342B66DF7900FA5BC4 /* LaunchScreen.storyboard in Resources */,
				F177A2312B66DF7900FA5BC4 /* Assets.xcassets in Resources */,
			);
			runOnlyForDeploymentPostprocessing = 0;
		};
/* End PBXResourcesBuildPhase section */

/* Begin PBXShellScriptBuildPhase section */
		4776E022A4DB289D3EC8D616 /* [CP] Check Pods Manifest.lock */ = {
			isa = PBXShellScriptBuildPhase;
			buildActionMask = 2147483647;
			files = (
			);
			inputFileListPaths = (
			);
			inputPaths = (
				"${PODS_PODFILE_DIR_PATH}/Podfile.lock",
				"${PODS_ROOT}/Manifest.lock",
			);
			name = "[CP] Check Pods Manifest.lock";
			outputFileListPaths = (
			);
			outputPaths = (
				"$(DERIVED_FILE_DIR)/Pods-GalleryApp-checkManifestLockResult.txt",
			);
			runOnlyForDeploymentPostprocessing = 0;
			shellPath = /bin/sh;
			shellScript = "diff \"${PODS_PODFILE_DIR_PATH}/Podfile.lock\" \"${PODS_ROOT}/Manifest.lock\" > /dev/null\nif [ $? != 0 ] ; then\n    # print error to STDERR\n    echo \"error: The sandbox is not in sync with the Podfile.lock. Run 'pod install' or update your CocoaPods installation.\" >&2\n    exit 1\nfi\n# This output is used by Xcode 'outputs' to avoid re-running this script phase.\necho \"SUCCESS\" > \"${SCRIPT_OUTPUT_FILE_0}\"\n";
			showEnvVarsInLog = 0;
		};
		C14DCC3334D2C9582059D9C5 /* [CP] Embed Pods Frameworks */ = {
			isa = PBXShellScriptBuildPhase;
			buildActionMask = 2147483647;
			files = (
			);
			inputFileListPaths = (
				"${PODS_ROOT}/Target Support Files/Pods-GalleryApp/Pods-GalleryApp-frameworks-${CONFIGURATION}-input-files.xcfilelist",
			);
			name = "[CP] Embed Pods Frameworks";
			outputFileListPaths = (
				"${PODS_ROOT}/Target Support Files/Pods-GalleryApp/Pods-GalleryApp-frameworks-${CONFIGURATION}-output-files.xcfilelist",
			);
			runOnlyForDeploymentPostprocessing = 0;
			shellPath = /bin/sh;
			shellScript = "\"${PODS_ROOT}/Target Support Files/Pods-GalleryApp/Pods-GalleryApp-frameworks.sh\"\n";
			showEnvVarsInLog = 0;
		};
		F177A2722B6F83D900FA5BC4 /* SwiftLint */ = {
			isa = PBXShellScriptBuildPhase;
			alwaysOutOfDate = 1;
			buildActionMask = 2147483647;
			files = (
			);
			inputFileListPaths = (
			);
			inputPaths = (
			);
			name = SwiftLint;
			outputFileListPaths = (
			);
			outputPaths = (
			);
			runOnlyForDeploymentPostprocessing = 0;
			shellPath = /bin/sh;
			shellScript = "if which swiftlint >/dev/null; then\n  swiftlint\nelse\n  echo \"error: SwiftLint does not exist, download it from https://github.com/realm/SwiftLint\"\n  exit 1\nfi\n";
		};
/* End PBXShellScriptBuildPhase section */

/* Begin PBXSourcesBuildPhase section */
		F177A2202B66DF7100FA5BC4 /* Sources */ = {
			isa = PBXSourcesBuildPhase;
			buildActionMask = 2147483647;
			files = (
				F12F44262B7E0E59009E6545 /* UIViewExtension.swift in Sources */,
				F177A24F2B6A6D4200FA5BC4 /* UnsplashNetworkManager.swift in Sources */,
				F177A2882B723A4900FA5BC4 /* ImageDetailViewModel.swift in Sources */,
				F103A4972B78D76F0042B925 /* CoreDataManager.swift in Sources */,
				F12BAB132B77D0BB004F4C45 /* GalleryApp.xcdatamodeld in Sources */,
				F177A22C2B66DF7100FA5BC4 /* ImageGalleryViewController.swift in Sources */,
				F177A2752B70260300FA5BC4 /* NetworkManager.swift in Sources */,
				F103A4992B79013D0042B925 /* CoreDataError.swift in Sources */,
				F103A4952B77E94B0042B925 /* FavoritePhotoCoreDataManager.swift in Sources */,
				F177A2472B698ED800FA5BC4 /* ImageGalleryCell.swift in Sources */,
				F177A23E2B69201E00FA5BC4 /* Colors.swift in Sources */,
				F177A2862B7234B900FA5BC4 /* ImageDetailCell.swift in Sources */,
				F13075292B7B8DEA005C2619 /* UnsplashPhotoEntity+CoreDataProperties.swift in Sources */,
				F177A24C2B6A6C9400FA5BC4 /* URLS.swift in Sources */,
				F177A2452B69388300FA5BC4 /* CAGradientLayerExtension.swift in Sources */,
				F177A2842B72342400FA5BC4 /* ImageDetailViewController.swift in Sources */,
				F13075282B7B8DEA005C2619 /* UnsplashPhotoEntity+CoreDataClass.swift in Sources */,
				F177A27D2B70E27F00FA5BC4 /* ImageGalleryViewModel.swift in Sources */,
				F177A2422B6937FC00FA5BC4 /* CustomGradientStyle.swift in Sources */,
				F177A2282B66DF7100FA5BC4 /* AppDelegate.swift in Sources */,
				F177A24A2B6A6A1900FA5BC4 /* UnsplashPhoto.swift in Sources */,
			);
			runOnlyForDeploymentPostprocessing = 0;
		};
/* End PBXSourcesBuildPhase section */

/* Begin PBXVariantGroup section */
		F177A2322B66DF7900FA5BC4 /* LaunchScreen.storyboard */ = {
			isa = PBXVariantGroup;
			children = (
				F177A2332B66DF7900FA5BC4 /* Base */,
			);
			name = LaunchScreen.storyboard;
			sourceTree = "<group>";
		};
/* End PBXVariantGroup section */

/* Begin XCBuildConfiguration section */
		F177A2362B66DF7900FA5BC4 /* Debug */ = {
			isa = XCBuildConfiguration;
			buildSettings = {
				ALWAYS_SEARCH_USER_PATHS = NO;
				CLANG_ANALYZER_NONNULL = YES;
				CLANG_ANALYZER_NUMBER_OBJECT_CONVERSION = YES_AGGRESSIVE;
				CLANG_CXX_LANGUAGE_STANDARD = "gnu++20";
				CLANG_ENABLE_MODULES = YES;
				CLANG_ENABLE_OBJC_ARC = YES;
				CLANG_ENABLE_OBJC_WEAK = YES;
				CLANG_WARN_BLOCK_CAPTURE_AUTORELEASING = YES;
				CLANG_WARN_BOOL_CONVERSION = YES;
				CLANG_WARN_COMMA = YES;
				CLANG_WARN_CONSTANT_CONVERSION = YES;
				CLANG_WARN_DEPRECATED_OBJC_IMPLEMENTATIONS = YES;
				CLANG_WARN_DIRECT_OBJC_ISA_USAGE = YES_ERROR;
				CLANG_WARN_DOCUMENTATION_COMMENTS = YES;
				CLANG_WARN_EMPTY_BODY = YES;
				CLANG_WARN_ENUM_CONVERSION = YES;
				CLANG_WARN_INFINITE_RECURSION = YES;
				CLANG_WARN_INT_CONVERSION = YES;
				CLANG_WARN_NON_LITERAL_NULL_CONVERSION = YES;
				CLANG_WARN_OBJC_IMPLICIT_RETAIN_SELF = YES;
				CLANG_WARN_OBJC_LITERAL_CONVERSION = YES;
				CLANG_WARN_OBJC_ROOT_CLASS = YES_ERROR;
				CLANG_WARN_QUOTED_INCLUDE_IN_FRAMEWORK_HEADER = YES;
				CLANG_WARN_RANGE_LOOP_ANALYSIS = YES;
				CLANG_WARN_STRICT_PROTOTYPES = YES;
				CLANG_WARN_SUSPICIOUS_MOVE = YES;
				CLANG_WARN_UNGUARDED_AVAILABILITY = YES_AGGRESSIVE;
				CLANG_WARN_UNREACHABLE_CODE = YES;
				CLANG_WARN__DUPLICATE_METHOD_MATCH = YES;
				COPY_PHASE_STRIP = NO;
				DEBUG_INFORMATION_FORMAT = dwarf;
				ENABLE_STRICT_OBJC_MSGSEND = YES;
				ENABLE_TESTABILITY = YES;
				GCC_C_LANGUAGE_STANDARD = gnu11;
				GCC_DYNAMIC_NO_PIC = NO;
				GCC_NO_COMMON_BLOCKS = YES;
				GCC_OPTIMIZATION_LEVEL = 0;
				GCC_PREPROCESSOR_DEFINITIONS = (
					"DEBUG=1",
					"$(inherited)",
				);
				GCC_WARN_64_TO_32_BIT_CONVERSION = YES;
				GCC_WARN_ABOUT_RETURN_TYPE = YES_ERROR;
				GCC_WARN_UNDECLARED_SELECTOR = YES;
				GCC_WARN_UNINITIALIZED_AUTOS = YES_AGGRESSIVE;
				GCC_WARN_UNUSED_FUNCTION = YES;
				GCC_WARN_UNUSED_VARIABLE = YES;
				IPHONEOS_DEPLOYMENT_TARGET = 16.4;
				MTL_ENABLE_DEBUG_INFO = INCLUDE_SOURCE;
				MTL_FAST_MATH = YES;
				ONLY_ACTIVE_ARCH = YES;
				SDKROOT = iphoneos;
				SWIFT_ACTIVE_COMPILATION_CONDITIONS = DEBUG;
				SWIFT_OPTIMIZATION_LEVEL = "-Onone";
			};
			name = Debug;
		};
		F177A2372B66DF7900FA5BC4 /* Release */ = {
			isa = XCBuildConfiguration;
			buildSettings = {
				ALWAYS_SEARCH_USER_PATHS = NO;
				CLANG_ANALYZER_NONNULL = YES;
				CLANG_ANALYZER_NUMBER_OBJECT_CONVERSION = YES_AGGRESSIVE;
				CLANG_CXX_LANGUAGE_STANDARD = "gnu++20";
				CLANG_ENABLE_MODULES = YES;
				CLANG_ENABLE_OBJC_ARC = YES;
				CLANG_ENABLE_OBJC_WEAK = YES;
				CLANG_WARN_BLOCK_CAPTURE_AUTORELEASING = YES;
				CLANG_WARN_BOOL_CONVERSION = YES;
				CLANG_WARN_COMMA = YES;
				CLANG_WARN_CONSTANT_CONVERSION = YES;
				CLANG_WARN_DEPRECATED_OBJC_IMPLEMENTATIONS = YES;
				CLANG_WARN_DIRECT_OBJC_ISA_USAGE = YES_ERROR;
				CLANG_WARN_DOCUMENTATION_COMMENTS = YES;
				CLANG_WARN_EMPTY_BODY = YES;
				CLANG_WARN_ENUM_CONVERSION = YES;
				CLANG_WARN_INFINITE_RECURSION = YES;
				CLANG_WARN_INT_CONVERSION = YES;
				CLANG_WARN_NON_LITERAL_NULL_CONVERSION = YES;
				CLANG_WARN_OBJC_IMPLICIT_RETAIN_SELF = YES;
				CLANG_WARN_OBJC_LITERAL_CONVERSION = YES;
				CLANG_WARN_OBJC_ROOT_CLASS = YES_ERROR;
				CLANG_WARN_QUOTED_INCLUDE_IN_FRAMEWORK_HEADER = YES;
				CLANG_WARN_RANGE_LOOP_ANALYSIS = YES;
				CLANG_WARN_STRICT_PROTOTYPES = YES;
				CLANG_WARN_SUSPICIOUS_MOVE = YES;
				CLANG_WARN_UNGUARDED_AVAILABILITY = YES_AGGRESSIVE;
				CLANG_WARN_UNREACHABLE_CODE = YES;
				CLANG_WARN__DUPLICATE_METHOD_MATCH = YES;
				COPY_PHASE_STRIP = NO;
				DEBUG_INFORMATION_FORMAT = "dwarf-with-dsym";
				ENABLE_NS_ASSERTIONS = NO;
				ENABLE_STRICT_OBJC_MSGSEND = YES;
				GCC_C_LANGUAGE_STANDARD = gnu11;
				GCC_NO_COMMON_BLOCKS = YES;
				GCC_WARN_64_TO_32_BIT_CONVERSION = YES;
				GCC_WARN_ABOUT_RETURN_TYPE = YES_ERROR;
				GCC_WARN_UNDECLARED_SELECTOR = YES;
				GCC_WARN_UNINITIALIZED_AUTOS = YES_AGGRESSIVE;
				GCC_WARN_UNUSED_FUNCTION = YES;
				GCC_WARN_UNUSED_VARIABLE = YES;
				IPHONEOS_DEPLOYMENT_TARGET = 16.4;
				MTL_ENABLE_DEBUG_INFO = NO;
				MTL_FAST_MATH = YES;
				SDKROOT = iphoneos;
				SWIFT_COMPILATION_MODE = wholemodule;
				SWIFT_OPTIMIZATION_LEVEL = "-O";
				VALIDATE_PRODUCT = YES;
			};
			name = Release;
		};
		F177A2392B66DF7900FA5BC4 /* Debug */ = {
			isa = XCBuildConfiguration;
			baseConfigurationReference = 86F35B82D43B5276CB633EB3 /* Pods-GalleryApp.debug.xcconfig */;
			buildSettings = {
				ASSETCATALOG_COMPILER_APPICON_NAME = AppIcon;
				ASSETCATALOG_COMPILER_GLOBAL_ACCENT_COLOR_NAME = AccentColor;
				CODE_SIGN_STYLE = Automatic;
				CURRENT_PROJECT_VERSION = 1;
				DEVELOPMENT_TEAM = 5RP4RS5KAM;
				GENERATE_INFOPLIST_FILE = YES;
				INFOPLIST_FILE = GalleryApp/Info.plist;
				INFOPLIST_KEY_UIApplicationSupportsIndirectInputEvents = YES;
				INFOPLIST_KEY_UILaunchStoryboardName = LaunchScreen;
				INFOPLIST_KEY_UISupportedInterfaceOrientations_iPad = "UIInterfaceOrientationPortrait UIInterfaceOrientationPortraitUpsideDown UIInterfaceOrientationLandscapeLeft UIInterfaceOrientationLandscapeRight";
				INFOPLIST_KEY_UISupportedInterfaceOrientations_iPhone = "UIInterfaceOrientationPortrait UIInterfaceOrientationLandscapeLeft UIInterfaceOrientationLandscapeRight";
				IPHONEOS_DEPLOYMENT_TARGET = 13.0;
				LD_RUNPATH_SEARCH_PATHS = (
					"$(inherited)",
					"@executable_path/Frameworks",
				);
				MARKETING_VERSION = 1.0;
				PRODUCT_BUNDLE_IDENTIFIER = cpp.GalleryApp;
				PRODUCT_NAME = "$(TARGET_NAME)";
				SUPPORTED_PLATFORMS = "iphoneos iphonesimulator";
				SUPPORTS_MACCATALYST = NO;
				SUPPORTS_MAC_DESIGNED_FOR_IPHONE_IPAD = YES;
				SWIFT_EMIT_LOC_STRINGS = YES;
				SWIFT_VERSION = 5.0;
				TARGETED_DEVICE_FAMILY = 1;
			};
			name = Debug;
		};
		F177A23A2B66DF7900FA5BC4 /* Release */ = {
			isa = XCBuildConfiguration;
			baseConfigurationReference = BDDC307557344FA24503FF8C /* Pods-GalleryApp.release.xcconfig */;
			buildSettings = {
				ASSETCATALOG_COMPILER_APPICON_NAME = AppIcon;
				ASSETCATALOG_COMPILER_GLOBAL_ACCENT_COLOR_NAME = AccentColor;
				CODE_SIGN_STYLE = Automatic;
				CURRENT_PROJECT_VERSION = 1;
				DEVELOPMENT_TEAM = 5RP4RS5KAM;
				GENERATE_INFOPLIST_FILE = YES;
				INFOPLIST_FILE = GalleryApp/Info.plist;
				INFOPLIST_KEY_UIApplicationSupportsIndirectInputEvents = YES;
				INFOPLIST_KEY_UILaunchStoryboardName = LaunchScreen;
				INFOPLIST_KEY_UISupportedInterfaceOrientations_iPad = "UIInterfaceOrientationPortrait UIInterfaceOrientationPortraitUpsideDown UIInterfaceOrientationLandscapeLeft UIInterfaceOrientationLandscapeRight";
				INFOPLIST_KEY_UISupportedInterfaceOrientations_iPhone = "UIInterfaceOrientationPortrait UIInterfaceOrientationLandscapeLeft UIInterfaceOrientationLandscapeRight";
				IPHONEOS_DEPLOYMENT_TARGET = 13.0;
				LD_RUNPATH_SEARCH_PATHS = (
					"$(inherited)",
					"@executable_path/Frameworks",
				);
				MARKETING_VERSION = 1.0;
				PRODUCT_BUNDLE_IDENTIFIER = cpp.GalleryApp;
				PRODUCT_NAME = "$(TARGET_NAME)";
				SUPPORTED_PLATFORMS = "iphoneos iphonesimulator";
				SUPPORTS_MACCATALYST = NO;
				SUPPORTS_MAC_DESIGNED_FOR_IPHONE_IPAD = YES;
				SWIFT_EMIT_LOC_STRINGS = YES;
				SWIFT_VERSION = 5.0;
				TARGETED_DEVICE_FAMILY = 1;
			};
			name = Release;
		};
/* End XCBuildConfiguration section */

/* Begin XCConfigurationList section */
		F177A21F2B66DF7100FA5BC4 /* Build configuration list for PBXProject "GalleryApp" */ = {
			isa = XCConfigurationList;
			buildConfigurations = (
				F177A2362B66DF7900FA5BC4 /* Debug */,
				F177A2372B66DF7900FA5BC4 /* Release */,
			);
			defaultConfigurationIsVisible = 0;
			defaultConfigurationName = Release;
		};
		F177A2382B66DF7900FA5BC4 /* Build configuration list for PBXNativeTarget "GalleryApp" */ = {
			isa = XCConfigurationList;
			buildConfigurations = (
				F177A2392B66DF7900FA5BC4 /* Debug */,
				F177A23A2B66DF7900FA5BC4 /* Release */,
			);
			defaultConfigurationIsVisible = 0;
			defaultConfigurationName = Release;
		};
/* End XCConfigurationList section */

/* Begin XCVersionGroup section */
		F12BAB112B77D0BB004F4C45 /* GalleryApp.xcdatamodeld */ = {
			isa = XCVersionGroup;
			children = (
				F12BAB122B77D0BB004F4C45 /* Model.xcdatamodel */,
			);
			currentVersion = F12BAB122B77D0BB004F4C45 /* Model.xcdatamodel */;
			path = GalleryApp.xcdatamodeld;
			sourceTree = "<group>";
			versionGroupType = wrapper.xcdatamodel;
		};
/* End XCVersionGroup section */
	};
	rootObject = F177A21C2B66DF7100FA5BC4 /* Project object */;
}
